
Microsoft Visual Studio Solution File, Format Version 12.00
# Visual Studio Version 17
VisualStudioVersion = 17.4.33213.308
MinimumVisualStudioVersion = 10.0.40219.1
Project("{FAE04EC0-301F-11D3-BF4B-00C04F79EFBC}") = "API_SERVER_CEA", "API_SERVER_CEA.csproj", "{2986E627-056E-4129-8167-9D635F93A52A}"
EndProject
Global
	GlobalSection(SolutionConfigurationPlatforms) = preSolution
		Debug|Any CPU = Debug|Any CPU
		Release|Any CPU = Release|Any CPU
	EndGlobalSection
	GlobalSection(ProjectConfigurationPlatforms) = postSolution
		{2986E627-056E-4129-8167-9D635F93A52A}.Debug|Any CPU.ActiveCfg = Debug|Any CPU
		{2986E627-056E-4129-8167-9D635F93A52A}.Debug|Any CPU.Build.0 = Debug|Any CPU
		{2986E627-056E-4129-8167-9D635F93A52A}.Release|Any CPU.ActiveCfg = Release|Any CPU
		{2986E627-056E-4129-8167-9D635F93A52A}.Release|Any CPU.Build.0 = Release|Any CPU
	EndGlobalSection
	GlobalSection(SolutionProperties) = preSolution
		HideSolutionNode = FALSE
	EndGlobalSection
	GlobalSection(ExtensibilityGlobals) = postSolution
		SolutionGuid = {7A1C9BED-2383-4A78-A12A-E8A2BD3F368E}
	EndGlobalSection
EndGlobal
